
Microsoft Visual Studio Solution File, Format Version 12.00
Project("{2150E333-8FDC-42A3-9474-1A3956D46DE8}") = "Solution Items", "Solution Items", "{F5317AFD-D531-461D-A7E2-77EBEE6C92CE}"
	ProjectSection(SolutionItems) = preProject
		compose.yaml = compose.yaml
	EndProjectSection
EndProject
Project("{F2A71F9B-5D33-465A-A702-920D77279786}") = "Dataset", "Dataset\Dataset.fsproj", "{AFD0A55A-8A5C-4772-BCC2-889447385FCD}"
EndProject
Global
	GlobalSection(SolutionConfigurationPlatforms) = preSolution
		Debug|Any CPU = Debug|Any CPU
		Release|Any CPU = Release|Any CPU
	EndGlobalSection
	GlobalSection(ProjectConfigurationPlatforms) = postSolution
		{235A20C1-3716-406F-BD31-0C1D2DE13296}.Debug|Any CPU.ActiveCfg = Debug|Any CPU
		{235A20C1-3716-406F-BD31-0C1D2DE13296}.Debug|Any CPU.Build.0 = Debug|Any CPU
		{235A20C1-3716-406F-BD31-0C1D2DE13296}.Release|Any CPU.ActiveCfg = Release|Any CPU
		{235A20C1-3716-406F-BD31-0C1D2DE13296}.Release|Any CPU.Build.0 = Release|Any CPU
		{AFD0A55A-8A5C-4772-BCC2-889447385FCD}.Debug|Any CPU.ActiveCfg = Debug|Any CPU
		{AFD0A55A-8A5C-4772-BCC2-889447385FCD}.Debug|Any CPU.Build.0 = Debug|Any CPU
		{AFD0A55A-8A5C-4772-BCC2-889447385FCD}.Release|Any CPU.ActiveCfg = Release|Any CPU
		{AFD0A55A-8A5C-4772-BCC2-889447385FCD}.Release|Any CPU.Build.0 = Release|Any CPU
	EndGlobalSection
EndGlobal
